
Microsoft Visual Studio Solution File, Format Version 12.00
# Visual Studio Version 16
VisualStudioVersion = 16.0.30204.135
MinimumVisualStudioVersion = 10.0.40219.1
Project("{FAE04EC0-301F-11D3-BF4B-00C04F79EFBC}") = "Format_file", "Format_file\Format_file.csproj", "{8201BF88-9696-45E1-B88D-0C78F0059795}"
EndProject
Global
	GlobalSection(SolutionConfigurationPlatforms) = preSolution
		Debug|Any CPU = Debug|Any CPU
		Release|Any CPU = Release|Any CPU
	EndGlobalSection
	GlobalSection(ProjectConfigurationPlatforms) = postSolution
		{8201BF88-9696-45E1-B88D-0C78F0059795}.Debug|Any CPU.ActiveCfg = Debug|Any CPU
		{8201BF88-9696-45E1-B88D-0C78F0059795}.Debug|Any CPU.Build.0 = Debug|Any CPU
		{8201BF88-9696-45E1-B88D-0C78F0059795}.Release|Any CPU.ActiveCfg = Release|Any CPU
		{8201BF88-9696-45E1-B88D-0C78F0059795}.Release|Any CPU.Build.0 = Release|Any CPU
	EndGlobalSection
	GlobalSection(SolutionProperties) = preSolution
		HideSolutionNode = FALSE
	EndGlobalSection
	GlobalSection(ExtensibilityGlobals) = postSolution
		SolutionGuid = {AAE2A634-C4EC-4E05-94BE-89BF21F373E0}
	EndGlobalSection
EndGlobal
